// !$*UTF8*$!
{
	archiveVersion = 1;
	classes = {
	};
	objectVersion = 46;
	objects = {

/* Begin PBXBuildFile section */
		0B9336E31EEBF31C004C7C73 /* AppDelegate.swift in Sources */ = {isa = PBXBuildFile; fileRef = 0B9336E21EEBF31C004C7C73 /* AppDelegate.swift */; };
		0B9336E81EEBF31C004C7C73 /* Main.storyboard in Resources */ = {isa = PBXBuildFile; fileRef = 0B9336E61EEBF31C004C7C73 /* Main.storyboard */; };
		0B9336EA1EEBF31C004C7C73 /* Assets.xcassets in Resources */ = {isa = PBXBuildFile; fileRef = 0B9336E91EEBF31C004C7C73 /* Assets.xcassets */; };
		0B9336ED1EEBF31C004C7C73 /* LaunchScreen.storyboard in Resources */ = {isa = PBXBuildFile; fileRef = 0B9336EB1EEBF31C004C7C73 /* LaunchScreen.storyboard */; };
		0B9336F81EEBF31C004C7C73 /* BasketPriceTests.swift in Sources */ = {isa = PBXBuildFile; fileRef = 0B9336F71EEBF31C004C7C73 /* BasketPriceTests.swift */; };
		0B9337091EED3B43004C7C73 /* GoodListTableViewController.swift in Sources */ = {isa = PBXBuildFile; fileRef = 0B9337081EED3B43004C7C73 /* GoodListTableViewController.swift */; };
		0B93370B1EED3B68004C7C73 /* CheckOutViewController.swift in Sources */ = {isa = PBXBuildFile; fileRef = 0B93370A1EED3B68004C7C73 /* CheckOutViewController.swift */; };
		0B93370D1EED3B9F004C7C73 /* GoodListTableViewCell.swift in Sources */ = {isa = PBXBuildFile; fileRef = 0B93370C1EED3B9F004C7C73 /* GoodListTableViewCell.swift */; };
		79F01CC17E31FC37F0C1A9C9 /* Pods_BasketPrice.framework in Frameworks */ = {isa = PBXBuildFile; fileRef = B23576E0966D0A7875658FC5 /* Pods_BasketPrice.framework */; };
		C4E9248AC6D3A10EFE8AC0A0 /* Pods_BasketPriceTests.framework in Frameworks */ = {isa = PBXBuildFile; fileRef = DDC4BEA8D4892E25359E7DFC /* Pods_BasketPriceTests.framework */; };
/* End PBXBuildFile section */

/* Begin PBXContainerItemProxy section */
		0B9336F41EEBF31C004C7C73 /* PBXContainerItemProxy */ = {
			isa = PBXContainerItemProxy;
			containerPortal = 0B9336D71EEBF31C004C7C73 /* Project object */;
			proxyType = 1;
			remoteGlobalIDString = 0B9336DE1EEBF31C004C7C73;
			remoteInfo = BasketPrice;
		};
/* End PBXContainerItemProxy section */

/* Begin PBXFileReference section */
		0B9336DF1EEBF31C004C7C73 /* BasketPrice.app */ = {isa = PBXFileReference; explicitFileType = wrapper.application; includeInIndex = 0; path = BasketPrice.app; sourceTree = BUILT_PRODUCTS_DIR; };
		0B9336E21EEBF31C004C7C73 /* AppDelegate.swift */ = {isa = PBXFileReference; lastKnownFileType = sourcecode.swift; path = AppDelegate.swift; sourceTree = "<group>"; };
		0B9336E71EEBF31C004C7C73 /* Base */ = {isa = PBXFileReference; lastKnownFileType = file.storyboard; name = Base; path = Base.lproj/Main.storyboard; sourceTree = "<group>"; };
		0B9336E91EEBF31C004C7C73 /* Assets.xcassets */ = {isa = PBXFileReference; lastKnownFileType = folder.assetcatalog; path = Assets.xcassets; sourceTree = "<group>"; };
		0B9336EC1EEBF31C004C7C73 /* Base */ = {isa = PBXFileReference; lastKnownFileType = file.storyboard; name = Base; path = Base.lproj/LaunchScreen.storyboard; sourceTree = "<group>"; };
		0B9336EE1EEBF31C004C7C73 /* Info.plist */ = {isa = PBXFileReference; lastKnownFileType = text.plist.xml; path = Info.plist; sourceTree = "<group>"; };
		0B9336F31EEBF31C004C7C73 /* BasketPriceTests.xctest */ = {isa = PBXFileReference; explicitFileType = wrapper.cfbundle; includeInIndex = 0; path = BasketPriceTests.xctest; sourceTree = BUILT_PRODUCTS_DIR; };
		0B9336F71EEBF31C004C7C73 /* BasketPriceTests.swift */ = {isa = PBXFileReference; lastKnownFileType = sourcecode.swift; path = BasketPriceTests.swift; sourceTree = "<group>"; };
		0B9336F91EEBF31C004C7C73 /* Info.plist */ = {isa = PBXFileReference; lastKnownFileType = text.plist.xml; path = Info.plist; sourceTree = "<group>"; };
		0B9337081EED3B43004C7C73 /* GoodListTableViewController.swift */ = {isa = PBXFileReference; fileEncoding = 4; lastKnownFileType = sourcecode.swift; path = GoodListTableViewController.swift; sourceTree = "<group>"; };
		0B93370A1EED3B68004C7C73 /* CheckOutViewController.swift */ = {isa = PBXFileReference; fileEncoding = 4; lastKnownFileType = sourcecode.swift; path = CheckOutViewController.swift; sourceTree = "<group>"; };
		0B93370C1EED3B9F004C7C73 /* GoodListTableViewCell.swift */ = {isa = PBXFileReference; fileEncoding = 4; lastKnownFileType = sourcecode.swift; path = GoodListTableViewCell.swift; sourceTree = "<group>"; };
		4A30E57E7EE625C97B2B47C8 /* Pods-BasketPrice.release.xcconfig */ = {isa = PBXFileReference; includeInIndex = 1; lastKnownFileType = text.xcconfig; name = "Pods-BasketPrice.release.xcconfig"; path = "Pods/Target Support Files/Pods-BasketPrice/Pods-BasketPrice.release.xcconfig"; sourceTree = "<group>"; };
		5E702965AA9440DAF84AC50A /* Pods-BasketPriceTests.debug.xcconfig */ = {isa = PBXFileReference; includeInIndex = 1; lastKnownFileType = text.xcconfig; name = "Pods-BasketPriceTests.debug.xcconfig"; path = "Pods/Target Support Files/Pods-BasketPriceTests/Pods-BasketPriceTests.debug.xcconfig"; sourceTree = "<group>"; };
		9C887A02AADD5B3982F692F5 /* Pods-BasketPriceTests.release.xcconfig */ = {isa = PBXFileReference; includeInIndex = 1; lastKnownFileType = text.xcconfig; name = "Pods-BasketPriceTests.release.xcconfig"; path = "Pods/Target Support Files/Pods-BasketPriceTests/Pods-BasketPriceTests.release.xcconfig"; sourceTree = "<group>"; };
		A419AD273515AFA33226ABFF /* Pods-BasketPrice.debug.xcconfig */ = {isa = PBXFileReference; includeInIndex = 1; lastKnownFileType = text.xcconfig; name = "Pods-BasketPrice.debug.xcconfig"; path = "Pods/Target Support Files/Pods-BasketPrice/Pods-BasketPrice.debug.xcconfig"; sourceTree = "<group>"; };
		B23576E0966D0A7875658FC5 /* Pods_BasketPrice.framework */ = {isa = PBXFileReference; explicitFileType = wrapper.framework; includeInIndex = 0; path = Pods_BasketPrice.framework; sourceTree = BUILT_PRODUCTS_DIR; };
		DDC4BEA8D4892E25359E7DFC /* Pods_BasketPriceTests.framework */ = {isa = PBXFileReference; explicitFileType = wrapper.framework; includeInIndex = 0; path = Pods_BasketPriceTests.framework; sourceTree = BUILT_PRODUCTS_DIR; };
/* End PBXFileReference section */

/* Begin PBXFrameworksBuildPhase section */
		0B9336DC1EEBF31C004C7C73 /* Frameworks */ = {
			isa = PBXFrameworksBuildPhase;
			buildActionMask = 2147483647;
			files = (
				79F01CC17E31FC37F0C1A9C9 /* Pods_BasketPrice.framework in Frameworks */,
			);
			runOnlyForDeploymentPostprocessing = 0;
		};
		0B9336F01EEBF31C004C7C73 /* Frameworks */ = {
			isa = PBXFrameworksBuildPhase;
			buildActionMask = 2147483647;
			files = (
				C4E9248AC6D3A10EFE8AC0A0 /* Pods_BasketPriceTests.framework in Frameworks */,
			);
			runOnlyForDeploymentPostprocessing = 0;
		};
/* End PBXFrameworksBuildPhase section */

/* Begin PBXGroup section */
		0B9336D61EEBF31C004C7C73 = {
			isa = PBXGroup;
			children = (
				0B9336E11EEBF31C004C7C73 /* BasketPrice */,
				0B9336F61EEBF31C004C7C73 /* BasketPriceTests */,
				0B9336E01EEBF31C004C7C73 /* Products */,
				4C8104ACB69EB587B890B4BB /* Pods */,
				36B0926277D3660C57DE325F /* Frameworks */,
			);
			sourceTree = "<group>";
		};
		0B9336E01EEBF31C004C7C73 /* Products */ = {
			isa = PBXGroup;
			children = (
				0B9336DF1EEBF31C004C7C73 /* BasketPrice.app */,
				0B9336F31EEBF31C004C7C73 /* BasketPriceTests.xctest */,
			);
			name = Products;
			sourceTree = "<group>";
		};
		0B9336E11EEBF31C004C7C73 /* BasketPrice */ = {
			isa = PBXGroup;
			children = (
				0B9337071EED2D2B004C7C73 /* Helper */,
				0B9337061EED2D20004C7C73 /* View */,
				0B9337051EED2D18004C7C73 /* Controller */,
				0B9337041EED2D11004C7C73 /* ViewModel */,
				0B9337031EED2D09004C7C73 /* Model */,
				0B9336E21EEBF31C004C7C73 /* AppDelegate.swift */,
				0B9336EB1EEBF31C004C7C73 /* LaunchScreen.storyboard */,
				0B9336E61EEBF31C004C7C73 /* Main.storyboard */,
				0B9336E91EEBF31C004C7C73 /* Assets.xcassets */,
				0B9336EE1EEBF31C004C7C73 /* Info.plist */,
			);
			path = BasketPrice;
			sourceTree = "<group>";
		};
		0B9336F61EEBF31C004C7C73 /* BasketPriceTests */ = {
			isa = PBXGroup;
			children = (
				0B9336F71EEBF31C004C7C73 /* BasketPriceTests.swift */,
				0B9336F91EEBF31C004C7C73 /* Info.plist */,
			);
			path = BasketPriceTests;
			sourceTree = "<group>";
		};
		0B9337031EED2D09004C7C73 /* Model */ = {
			isa = PBXGroup;
			children = (
			);
			path = Model;
			sourceTree = "<group>";
		};
		0B9337041EED2D11004C7C73 /* ViewModel */ = {
			isa = PBXGroup;
			children = (
			);
			path = ViewModel;
			sourceTree = "<group>";
		};
		0B9337051EED2D18004C7C73 /* Controller */ = {
			isa = PBXGroup;
			children = (
				0B9337081EED3B43004C7C73 /* GoodListTableViewController.swift */,
				0B93370A1EED3B68004C7C73 /* CheckOutViewController.swift */,
			);
			path = Controller;
			sourceTree = "<group>";
		};
		0B9337061EED2D20004C7C73 /* View */ = {
			isa = PBXGroup;
			children = (
				0B93370C1EED3B9F004C7C73 /* GoodListTableViewCell.swift */,
			);
			path = View;
			sourceTree = "<group>";
		};
		0B9337071EED2D2B004C7C73 /* Helper */ = {
			isa = PBXGroup;
			children = (
			);
			path = Helper;
			sourceTree = "<group>";
		};
		36B0926277D3660C57DE325F /* Frameworks */ = {
			isa = PBXGroup;
			children = (
				B23576E0966D0A7875658FC5 /* Pods_BasketPrice.framework */,
				DDC4BEA8D4892E25359E7DFC /* Pods_BasketPriceTests.framework */,
			);
			name = Frameworks;
			sourceTree = "<group>";
		};
		4C8104ACB69EB587B890B4BB /* Pods */ = {
			isa = PBXGroup;
			children = (
				A419AD273515AFA33226ABFF /* Pods-BasketPrice.debug.xcconfig */,
				4A30E57E7EE625C97B2B47C8 /* Pods-BasketPrice.release.xcconfig */,
				5E702965AA9440DAF84AC50A /* Pods-BasketPriceTests.debug.xcconfig */,
				9C887A02AADD5B3982F692F5 /* Pods-BasketPriceTests.release.xcconfig */,
			);
			name = Pods;
			sourceTree = "<group>";
		};
/* End PBXGroup section */

/* Begin PBXNativeTarget section */
		0B9336DE1EEBF31C004C7C73 /* BasketPrice */ = {
			isa = PBXNativeTarget;
			buildConfigurationList = 0B9336FC1EEBF31C004C7C73 /* Build configuration list for PBXNativeTarget "BasketPrice" */;
			buildPhases = (
				0777E46F25BDB5F9516AF0BD /* [CP] Check Pods Manifest.lock */,
				0B9336DB1EEBF31C004C7C73 /* Sources */,
				0B9336DC1EEBF31C004C7C73 /* Frameworks */,
				0B9336DD1EEBF31C004C7C73 /* Resources */,
				0B9337021EEC3A2B004C7C73 /* ShellScript */,
				90424E093D336E664715A39F /* [CP] Embed Pods Frameworks */,
				1B086953E4AC8835E5BF3351 /* [CP] Copy Pods Resources */,
			);
			buildRules = (
			);
			dependencies = (
			);
			name = BasketPrice;
			productName = BasketPrice;
			productReference = 0B9336DF1EEBF31C004C7C73 /* BasketPrice.app */;
			productType = "com.apple.product-type.application";
		};
		0B9336F21EEBF31C004C7C73 /* BasketPriceTests */ = {
			isa = PBXNativeTarget;
			buildConfigurationList = 0B9336FF1EEBF31C004C7C73 /* Build configuration list for PBXNativeTarget "BasketPriceTests" */;
			buildPhases = (
				6214C619B56335C80C92F81C /* [CP] Check Pods Manifest.lock */,
				0B9336EF1EEBF31C004C7C73 /* Sources */,
				0B9336F01EEBF31C004C7C73 /* Frameworks */,
				0B9336F11EEBF31C004C7C73 /* Resources */,
				EE9F265FF6EAED43B6414529 /* [CP] Embed Pods Frameworks */,
				D73E5158802EDE52698ABDA6 /* [CP] Copy Pods Resources */,
			);
			buildRules = (
			);
			dependencies = (
				0B9336F51EEBF31C004C7C73 /* PBXTargetDependency */,
			);
			name = BasketPriceTests;
			productName = BasketPriceTests;
			productReference = 0B9336F31EEBF31C004C7C73 /* BasketPriceTests.xctest */;
			productType = "com.apple.product-type.bundle.unit-test";
		};
/* End PBXNativeTarget section */

/* Begin PBXProject section */
		0B9336D71EEBF31C004C7C73 /* Project object */ = {
			isa = PBXProject;
			attributes = {
				LastSwiftUpdateCheck = 0830;
				LastUpgradeCheck = 0830;
				ORGANIZATIONNAME = "Daniel Vela";
				TargetAttributes = {
					0B9336DE1EEBF31C004C7C73 = {
						CreatedOnToolsVersion = 8.3.2;
						DevelopmentTeam = TW65EXAM4U;
						ProvisioningStyle = Automatic;
					};
					0B9336F21EEBF31C004C7C73 = {
						CreatedOnToolsVersion = 8.3.2;
						DevelopmentTeam = TW65EXAM4U;
						ProvisioningStyle = Automatic;
						TestTargetID = 0B9336DE1EEBF31C004C7C73;
					};
				};
			};
			buildConfigurationList = 0B9336DA1EEBF31C004C7C73 /* Build configuration list for PBXProject "BasketPrice" */;
			compatibilityVersion = "Xcode 3.2";
			developmentRegion = English;
			hasScannedForEncodings = 0;
			knownRegions = (
				en,
				Base,
			);
			mainGroup = 0B9336D61EEBF31C004C7C73;
			productRefGroup = 0B9336E01EEBF31C004C7C73 /* Products */;
			projectDirPath = "";
			projectRoot = "";
			targets = (
				0B9336DE1EEBF31C004C7C73 /* BasketPrice */,
				0B9336F21EEBF31C004C7C73 /* BasketPriceTests */,
			);
		};
/* End PBXProject section */

/* Begin PBXResourcesBuildPhase section */
		0B9336DD1EEBF31C004C7C73 /* Resources */ = {
			isa = PBXResourcesBuildPhase;
			buildActionMask = 2147483647;
			files = (
				0B9336ED1EEBF31C004C7C73 /* LaunchScreen.storyboard in Resources */,
				0B9336EA1EEBF31C004C7C73 /* Assets.xcassets in Resources */,
				0B9336E81EEBF31C004C7C73 /* Main.storyboard in Resources */,
			);
			runOnlyForDeploymentPostprocessing = 0;
		};
		0B9336F11EEBF31C004C7C73 /* Resources */ = {
			isa = PBXResourcesBuildPhase;
			buildActionMask = 2147483647;
			files = (
			);
			runOnlyForDeploymentPostprocessing = 0;
		};
/* End PBXResourcesBuildPhase section */

/* Begin PBXShellScriptBuildPhase section */
		0777E46F25BDB5F9516AF0BD /* [CP] Check Pods Manifest.lock */ = {
			isa = PBXShellScriptBuildPhase;
			buildActionMask = 2147483647;
			files = (
			);
			inputPaths = (
			);
			name = "[CP] Check Pods Manifest.lock";
			outputPaths = (
			);
			runOnlyForDeploymentPostprocessing = 0;
			shellPath = /bin/sh;
			shellScript = "diff \"${PODS_ROOT}/../Podfile.lock\" \"${PODS_ROOT}/Manifest.lock\" > /dev/null\nif [ $? != 0 ] ; then\n    # print error to STDERR\n    echo \"error: The sandbox is not in sync with the Podfile.lock. Run 'pod install' or update your CocoaPods installation.\" >&2\n    exit 1\nfi\n";
			showEnvVarsInLog = 0;
		};
		0B9337021EEC3A2B004C7C73 /* ShellScript */ = {
			isa = PBXShellScriptBuildPhase;
			buildActionMask = 2147483647;
			files = (
			);
			inputPaths = (
			);
			outputPaths = (
			);
			runOnlyForDeploymentPostprocessing = 0;
			shellPath = /bin/sh;
			shellScript = "if which swiftlint >/dev/null; then\nswiftlint lint --path BasketPrice\nelse\necho \"warning: SwiftLint not installed, download from https://github.com/realm/SwiftLint\"\nfi";
		};
		1B086953E4AC8835E5BF3351 /* [CP] Copy Pods Resources */ = {
			isa = PBXShellScriptBuildPhase;
			buildActionMask = 2147483647;
			files = (
			);
			inputPaths = (
			);
			name = "[CP] Copy Pods Resources";
			outputPaths = (
			);
			runOnlyForDeploymentPostprocessing = 0;
			shellPath = /bin/sh;
			shellScript = "\"${SRCROOT}/Pods/Target Support Files/Pods-BasketPrice/Pods-BasketPrice-resources.sh\"\n";
			showEnvVarsInLog = 0;
		};
		6214C619B56335C80C92F81C /* [CP] Check Pods Manifest.lock */ = {
			isa = PBXShellScriptBuildPhase;
			buildActionMask = 2147483647;
			files = (
			);
			inputPaths = (
			);
			name = "[CP] Check Pods Manifest.lock";
			outputPaths = (
			);
			runOnlyForDeploymentPostprocessing = 0;
			shellPath = /bin/sh;
			shellScript = "diff \"${PODS_ROOT}/../Podfile.lock\" \"${PODS_ROOT}/Manifest.lock\" > /dev/null\nif [ $? != 0 ] ; then\n    # print error to STDERR\n    echo \"error: The sandbox is not in sync with the Podfile.lock. Run 'pod install' or update your CocoaPods installation.\" >&2\n    exit 1\nfi\n";
			showEnvVarsInLog = 0;
		};
		90424E093D336E664715A39F /* [CP] Embed Pods Frameworks */ = {
			isa = PBXShellScriptBuildPhase;
			buildActionMask = 2147483647;
			files = (
			);
			inputPaths = (
			);
			name = "[CP] Embed Pods Frameworks";
			outputPaths = (
			);
			runOnlyForDeploymentPostprocessing = 0;
			shellPath = /bin/sh;
			shellScript = "\"${SRCROOT}/Pods/Target Support Files/Pods-BasketPrice/Pods-BasketPrice-frameworks.sh\"\n";
			showEnvVarsInLog = 0;
		};
		D73E5158802EDE52698ABDA6 /* [CP] Copy Pods Resources */ = {
			isa = PBXShellScriptBuildPhase;
			buildActionMask = 2147483647;
			files = (
			);
			inputPaths = (
			);
			name = "[CP] Copy Pods Resources";
			outputPaths = (
			);
			runOnlyForDeploymentPostprocessing = 0;
			shellPath = /bin/sh;
			shellScript = "\"${SRCROOT}/Pods/Target Support Files/Pods-BasketPriceTests/Pods-BasketPriceTests-resources.sh\"\n";
			showEnvVarsInLog = 0;
		};
		EE9F265FF6EAED43B6414529 /* [CP] Embed Pods Frameworks */ = {
			isa = PBXShellScriptBuildPhase;
			buildActionMask = 2147483647;
			files = (
			);
			inputPaths = (
			);
			name = "[CP] Embed Pods Frameworks";
			outputPaths = (
			);
			runOnlyForDeploymentPostprocessing = 0;
			shellPath = /bin/sh;
			shellScript = "\"${SRCROOT}/Pods/Target Support Files/Pods-BasketPriceTests/Pods-BasketPriceTests-frameworks.sh\"\n";
			showEnvVarsInLog = 0;
		};
/* End PBXShellScriptBuildPhase section */

/* Begin PBXSourcesBuildPhase section */
		0B9336DB1EEBF31C004C7C73 /* Sources */ = {
			isa = PBXSourcesBuildPhase;
			buildActionMask = 2147483647;
			files = (
				0B93370B1EED3B68004C7C73 /* CheckOutViewController.swift in Sources */,
				0B9337091EED3B43004C7C73 /* GoodListTableViewController.swift in Sources */,
				0B93370D1EED3B9F004C7C73 /* GoodListTableViewCell.swift in Sources */,
				0B9336E31EEBF31C004C7C73 /* AppDelegate.swift in Sources */,
			);
			runOnlyForDeploymentPostprocessing = 0;
		};
		0B9336EF1EEBF31C004C7C73 /* Sources */ = {
			isa = PBXSourcesBuildPhase;
			buildActionMask = 2147483647;
			files = (
				0B9336F81EEBF31C004C7C73 /* BasketPriceTests.swift in Sources */,
			);
			runOnlyForDeploymentPostprocessing = 0;
		};
/* End PBXSourcesBuildPhase section */

/* Begin PBXTargetDependency section */
		0B9336F51EEBF31C004C7C73 /* PBXTargetDependency */ = {
			isa = PBXTargetDependency;
			target = 0B9336DE1EEBF31C004C7C73 /* BasketPrice */;
			targetProxy = 0B9336F41EEBF31C004C7C73 /* PBXContainerItemProxy */;
		};
/* End PBXTargetDependency section */

/* Begin PBXVariantGroup section */
		0B9336E61EEBF31C004C7C73 /* Main.storyboard */ = {
			isa = PBXVariantGroup;
			children = (
				0B9336E71EEBF31C004C7C73 /* Base */,
			);
			name = Main.storyboard;
			sourceTree = "<group>";
		};
		0B9336EB1EEBF31C004C7C73 /* LaunchScreen.storyboard */ = {
			isa = PBXVariantGroup;
			children = (
				0B9336EC1EEBF31C004C7C73 /* Base */,
			);
			name = LaunchScreen.storyboard;
			sourceTree = "<group>";
		};
/* End PBXVariantGroup section */

/* Begin XCBuildConfiguration section */
		0B9336FA1EEBF31C004C7C73 /* Debug */ = {
			isa = XCBuildConfiguration;
			buildSettings = {
				ALWAYS_SEARCH_USER_PATHS = NO;
				CLANG_ANALYZER_NONNULL = YES;
				CLANG_ANALYZER_NUMBER_OBJECT_CONVERSION = YES_AGGRESSIVE;
				CLANG_CXX_LANGUAGE_STANDARD = "gnu++0x";
				CLANG_CXX_LIBRARY = "libc++";
				CLANG_ENABLE_MODULES = YES;
				CLANG_ENABLE_OBJC_ARC = YES;
				CLANG_WARN_BOOL_CONVERSION = YES;
				CLANG_WARN_CONSTANT_CONVERSION = YES;
				CLANG_WARN_DIRECT_OBJC_ISA_USAGE = YES_ERROR;
				CLANG_WARN_DOCUMENTATION_COMMENTS = YES;
				CLANG_WARN_EMPTY_BODY = YES;
				CLANG_WARN_ENUM_CONVERSION = YES;
				CLANG_WARN_INFINITE_RECURSION = YES;
				CLANG_WARN_INT_CONVERSION = YES;
				CLANG_WARN_OBJC_ROOT_CLASS = YES_ERROR;
				CLANG_WARN_SUSPICIOUS_MOVE = YES;
				CLANG_WARN_UNREACHABLE_CODE = YES;
				CLANG_WARN__DUPLICATE_METHOD_MATCH = YES;
				"CODE_SIGN_IDENTITY[sdk=iphoneos*]" = "iPhone Developer";
				COPY_PHASE_STRIP = NO;
				DEBUG_INFORMATION_FORMAT = dwarf;
				ENABLE_STRICT_OBJC_MSGSEND = YES;
				ENABLE_TESTABILITY = YES;
				GCC_C_LANGUAGE_STANDARD = gnu99;
				GCC_DYNAMIC_NO_PIC = NO;
				GCC_NO_COMMON_BLOCKS = YES;
				GCC_OPTIMIZATION_LEVEL = 0;
				GCC_PREPROCESSOR_DEFINITIONS = (
					"DEBUG=1",
					"$(inherited)",
				);
				GCC_WARN_64_TO_32_BIT_CONVERSION = YES;
				GCC_WARN_ABOUT_RETURN_TYPE = YES_ERROR;
				GCC_WARN_UNDECLARED_SELECTOR = YES;
				GCC_WARN_UNINITIALIZED_AUTOS = YES_AGGRESSIVE;
				GCC_WARN_UNUSED_FUNCTION = YES;
				GCC_WARN_UNUSED_VARIABLE = YES;
				IPHONEOS_DEPLOYMENT_TARGET = 10.3;
				MTL_ENABLE_DEBUG_INFO = YES;
				ONLY_ACTIVE_ARCH = YES;
				SDKROOT = iphoneos;
				SWIFT_ACTIVE_COMPILATION_CONDITIONS = DEBUG;
				SWIFT_OPTIMIZATION_LEVEL = "-Onone";
			};
			name = Debug;
		};
		0B9336FB1EEBF31C004C7C73 /* Release */ = {
			isa = XCBuildConfiguration;
			buildSettings = {
				ALWAYS_SEARCH_USER_PATHS = NO;
				CLANG_ANALYZER_NONNULL = YES;
				CLANG_ANALYZER_NUMBER_OBJECT_CONVERSION = YES_AGGRESSIVE;
				CLANG_CXX_LANGUAGE_STANDARD = "gnu++0x";
				CLANG_CXX_LIBRARY = "libc++";
				CLANG_ENABLE_MODULES = YES;
				CLANG_ENABLE_OBJC_ARC = YES;
				CLANG_WARN_BOOL_CONVERSION = YES;
				CLANG_WARN_CONSTANT_CONVERSION = YES;
				CLANG_WARN_DIRECT_OBJC_ISA_USAGE = YES_ERROR;
				CLANG_WARN_DOCUMENTATION_COMMENTS = YES;
				CLANG_WARN_EMPTY_BODY = YES;
				CLANG_WARN_ENUM_CONVERSION = YES;
				CLANG_WARN_INFINITE_RECURSION = YES;
				CLANG_WARN_INT_CONVERSION = YES;
				CLANG_WARN_OBJC_ROOT_CLASS = YES_ERROR;
				CLANG_WARN_SUSPICIOUS_MOVE = YES;
				CLANG_WARN_UNREACHABLE_CODE = YES;
				CLANG_WARN__DUPLICATE_METHOD_MATCH = YES;
				"CODE_SIGN_IDENTITY[sdk=iphoneos*]" = "iPhone Developer";
				COPY_PHASE_STRIP = NO;
				DEBUG_INFORMATION_FORMAT = "dwarf-with-dsym";
				ENABLE_NS_ASSERTIONS = NO;
				ENABLE_STRICT_OBJC_MSGSEND = YES;
				GCC_C_LANGUAGE_STANDARD = gnu99;
				GCC_NO_COMMON_BLOCKS = YES;
				GCC_WARN_64_TO_32_BIT_CONVERSION = YES;
				GCC_WARN_ABOUT_RETURN_TYPE = YES_ERROR;
				GCC_WARN_UNDECLARED_SELECTOR = YES;
				GCC_WARN_UNINITIALIZED_AUTOS = YES_AGGRESSIVE;
				GCC_WARN_UNUSED_FUNCTION = YES;
				GCC_WARN_UNUSED_VARIABLE = YES;
				IPHONEOS_DEPLOYMENT_TARGET = 10.3;
				MTL_ENABLE_DEBUG_INFO = NO;
				SDKROOT = iphoneos;
				SWIFT_OPTIMIZATION_LEVEL = "-Owholemodule";
				VALIDATE_PRODUCT = YES;
			};
			name = Release;
		};
		0B9336FD1EEBF31C004C7C73 /* Debug */ = {
			isa = XCBuildConfiguration;
			baseConfigurationReference = A419AD273515AFA33226ABFF /* Pods-BasketPrice.debug.xcconfig */;
			buildSettings = {
				ASSETCATALOG_COMPILER_APPICON_NAME = AppIcon;
				DEVELOPMENT_TEAM = TW65EXAM4U;
				INFOPLIST_FILE = BasketPrice/Info.plist;
				LD_RUNPATH_SEARCH_PATHS = "$(inherited) @executable_path/Frameworks";
				PRODUCT_BUNDLE_IDENTIFIER = org.veladan.BasketPrice;
				PRODUCT_NAME = "$(TARGET_NAME)";
				SWIFT_VERSION = 3.0;
			};
			name = Debug;
		};
		0B9336FE1EEBF31C004C7C73 /* Release */ = {
			isa = XCBuildConfiguration;
			baseConfigurationReference = 4A30E57E7EE625C97B2B47C8 /* Pods-BasketPrice.release.xcconfig */;
			buildSettings = {
				ASSETCATALOG_COMPILER_APPICON_NAME = AppIcon;
				DEVELOPMENT_TEAM = TW65EXAM4U;
				INFOPLIST_FILE = BasketPrice/Info.plist;
				LD_RUNPATH_SEARCH_PATHS = "$(inherited) @executable_path/Frameworks";
				PRODUCT_BUNDLE_IDENTIFIER = org.veladan.BasketPrice;
				PRODUCT_NAME = "$(TARGET_NAME)";
				SWIFT_VERSION = 3.0;
			};
			name = Release;
		};
		0B9337001EEBF31C004C7C73 /* Debug */ = {
			isa = XCBuildConfiguration;
			baseConfigurationReference = 5E702965AA9440DAF84AC50A /* Pods-BasketPriceTests.debug.xcconfig */;
			buildSettings = {
				ALWAYS_EMBED_SWIFT_STANDARD_LIBRARIES = YES;
				BUNDLE_LOADER = "$(TEST_HOST)";
				DEVELOPMENT_TEAM = TW65EXAM4U;
				INFOPLIST_FILE = BasketPriceTests/Info.plist;
				LD_RUNPATH_SEARCH_PATHS = "$(inherited) @executable_path/Frameworks @loader_path/Frameworks";
				PRODUCT_BUNDLE_IDENTIFIER = org.veladan.BasketPriceTests;
				PRODUCT_NAME = "$(TARGET_NAME)";
				SWIFT_VERSION = 3.0;
				TEST_HOST = "$(BUILT_PRODUCTS_DIR)/BasketPrice.app/BasketPrice";
			};
			name = Debug;
		};
		0B9337011EEBF31C004C7C73 /* Release */ = {
			isa = XCBuildConfiguration;
			baseConfigurationReference = 9C887A02AADD5B3982F692F5 /* Pods-BasketPriceTests.release.xcconfig */;
			buildSettings = {
				ALWAYS_EMBED_SWIFT_STANDARD_LIBRARIES = YES;
				BUNDLE_LOADER = "$(TEST_HOST)";
				DEVELOPMENT_TEAM = TW65EXAM4U;
				INFOPLIST_FILE = BasketPriceTests/Info.plist;
				LD_RUNPATH_SEARCH_PATHS = "$(inherited) @executable_path/Frameworks @loader_path/Frameworks";
				PRODUCT_BUNDLE_IDENTIFIER = org.veladan.BasketPriceTests;
				PRODUCT_NAME = "$(TARGET_NAME)";
				SWIFT_VERSION = 3.0;
				TEST_HOST = "$(BUILT_PRODUCTS_DIR)/BasketPrice.app/BasketPrice";
			};
			name = Release;
		};
/* End XCBuildConfiguration section */

/* Begin XCConfigurationList section */
		0B9336DA1EEBF31C004C7C73 /* Build configuration list for PBXProject "BasketPrice" */ = {
			isa = XCConfigurationList;
			buildConfigurations = (
				0B9336FA1EEBF31C004C7C73 /* Debug */,
				0B9336FB1EEBF31C004C7C73 /* Release */,
			);
			defaultConfigurationIsVisible = 0;
			defaultConfigurationName = Release;
		};
		0B9336FC1EEBF31C004C7C73 /* Build configuration list for PBXNativeTarget "BasketPrice" */ = {
			isa = XCConfigurationList;
			buildConfigurations = (
				0B9336FD1EEBF31C004C7C73 /* Debug */,
				0B9336FE1EEBF31C004C7C73 /* Release */,
			);
			defaultConfigurationIsVisible = 0;
			defaultConfigurationName = Release;
		};
		0B9336FF1EEBF31C004C7C73 /* Build configuration list for PBXNativeTarget "BasketPriceTests" */ = {
			isa = XCConfigurationList;
			buildConfigurations = (
				0B9337001EEBF31C004C7C73 /* Debug */,
				0B9337011EEBF31C004C7C73 /* Release */,
			);
			defaultConfigurationIsVisible = 0;
			defaultConfigurationName = Release;
		};
/* End XCConfigurationList section */
	};
	rootObject = 0B9336D71EEBF31C004C7C73 /* Project object */;
}
